// !$*UTF8*$!
{
	archiveVersion = 1;
	classes = {
	};
	objectVersion = 50;
	objects = {

/* Begin PBXBuildFile section */
		021774F6D7A76528DB9378E0 /* libPods-WeatherRadarTests.a in Frameworks */ = {isa = PBXBuildFile; fileRef = 88CFA5E9F17F19EFB3A19031 /* libPods-WeatherRadarTests.a */; };
		5614CE6A2145BA7A00119E4D /* WeatherDetailsPresenter.m in Sources */ = {isa = PBXBuildFile; fileRef = 5614CE692145BA7A00119E4D /* WeatherDetailsPresenter.m */; };
		5614CE6E2145C5B300119E4D /* NSDate+ManipulateDate.m in Sources */ = {isa = PBXBuildFile; fileRef = 5614CE6D2145C5B300119E4D /* NSDate+ManipulateDate.m */; };
		5682D3FC21428F88000BAA5D /* AppDelegate.m in Sources */ = {isa = PBXBuildFile; fileRef = 5682D3FB21428F88000BAA5D /* AppDelegate.m */; };
		5682D40521428F88000BAA5D /* WeatherRadar.xcdatamodeld in Sources */ = {isa = PBXBuildFile; fileRef = 5682D40321428F88000BAA5D /* WeatherRadar.xcdatamodeld */; };
		5682D40721428F8A000BAA5D /* Assets.xcassets in Resources */ = {isa = PBXBuildFile; fileRef = 5682D40621428F8A000BAA5D /* Assets.xcassets */; };
		5682D40A21428F8A000BAA5D /* LaunchScreen.storyboard in Resources */ = {isa = PBXBuildFile; fileRef = 5682D40821428F8A000BAA5D /* LaunchScreen.storyboard */; };
		5682D40D21428F8A000BAA5D /* main.m in Sources */ = {isa = PBXBuildFile; fileRef = 5682D40C21428F8A000BAA5D /* main.m */; };
		5682D41721428F8A000BAA5D /* WeatherRadarTests.m in Sources */ = {isa = PBXBuildFile; fileRef = 5682D41621428F8A000BAA5D /* WeatherRadarTests.m */; };
		5682D42C2142962A000BAA5D /* CitiesTableViewController.m in Sources */ = {isa = PBXBuildFile; fileRef = 5682D42B2142962A000BAA5D /* CitiesTableViewController.m */; };
		5682D42F21430916000BAA5D /* WeatherDetailsViewController.m in Sources */ = {isa = PBXBuildFile; fileRef = 5682D42E21430916000BAA5D /* WeatherDetailsViewController.m */; };
		5682D433214332C7000BAA5D /* AFNetworkingClient.m in Sources */ = {isa = PBXBuildFile; fileRef = 5682D432214332C7000BAA5D /* AFNetworkingClient.m */; };
		569A5BF72145168A00DCCFB2 /* Localizable.strings in Resources */ = {isa = PBXBuildFile; fileRef = 569A5BF62145168A00DCCFB2 /* Localizable.strings */; };
		56C0D9972143D7C30085B709 /* AFNetworkingClientTests.m in Sources */ = {isa = PBXBuildFile; fileRef = 56C0D9962143D7C30085B709 /* AFNetworkingClientTests.m */; };
		56C0D99C2143F5900085B709 /* Weather.m in Sources */ = {isa = PBXBuildFile; fileRef = 56C0D99B2143F5900085B709 /* Weather.m */; };
		56C0D99F214446280085B709 /* WeatherRemoteDataSource.m in Sources */ = {isa = PBXBuildFile; fileRef = 56C0D99E214446280085B709 /* WeatherRemoteDataSource.m */; };
		56C0D9A321445B990085B709 /* CoreDataManager.m in Sources */ = {isa = PBXBuildFile; fileRef = 56C0D9A221445B990085B709 /* CoreDataManager.m */; };
		56C0D9B921445DD50085B709 /* City+CoreDataProperties.m in Sources */ = {isa = PBXBuildFile; fileRef = 56C0D9B221445DD40085B709 /* City+CoreDataProperties.m */; };
		56C0D9BA21445DD50085B709 /* WeatherInfo.m in Sources */ = {isa = PBXBuildFile; fileRef = 56C0D9B621445DD50085B709 /* WeatherInfo.m */; };
		56C0D9BB21445DD50085B709 /* WeatherInfo+CoreDataProperties.m in Sources */ = {isa = PBXBuildFile; fileRef = 56C0D9B721445DD50085B709 /* WeatherInfo+CoreDataProperties.m */; };
		56C0D9BC21445DD50085B709 /* City.m in Sources */ = {isa = PBXBuildFile; fileRef = 56C0D9B821445DD50085B709 /* City.m */; };
		56C0D9BF2144742E0085B709 /* BasePresenter.m in Sources */ = {isa = PBXBuildFile; fileRef = 56C0D9BE2144742E0085B709 /* BasePresenter.m */; };
		56C0D9C2214474460085B709 /* BaseViewController.m in Sources */ = {isa = PBXBuildFile; fileRef = 56C0D9C1214474460085B709 /* BaseViewController.m */; };
		56C0D9C5214477850085B709 /* CitiesPresenter.m in Sources */ = {isa = PBXBuildFile; fileRef = 56C0D9C4214477850085B709 /* CitiesPresenter.m */; };
		56E43C49214661DA009231FE /* UIImageView+Download.m in Sources */ = {isa = PBXBuildFile; fileRef = 56E43C48214661DA009231FE /* UIImageView+Download.m */; };
		C5339A5EC44468F3AAC91111 /* libPods-WeatherRadar.a in Frameworks */ = {isa = PBXBuildFile; fileRef = BC527D9F1E5D67A918089184 /* libPods-WeatherRadar.a */; };
/* End PBXBuildFile section */

/* Begin PBXContainerItemProxy section */
		5682D41321428F8A000BAA5D /* PBXContainerItemProxy */ = {
			isa = PBXContainerItemProxy;
			containerPortal = 5682D3EF21428F88000BAA5D /* Project object */;
			proxyType = 1;
			remoteGlobalIDString = 5682D3F621428F88000BAA5D;
			remoteInfo = WeatherRadar;
		};
/* End PBXContainerItemProxy section */

/* Begin PBXFileReference section */
		5614CE682145BA7A00119E4D /* WeatherDetailsPresenter.h */ = {isa = PBXFileReference; lastKnownFileType = sourcecode.c.h; path = WeatherDetailsPresenter.h; sourceTree = "<group>"; };
		5614CE692145BA7A00119E4D /* WeatherDetailsPresenter.m */ = {isa = PBXFileReference; lastKnownFileType = sourcecode.c.objc; path = WeatherDetailsPresenter.m; sourceTree = "<group>"; };
		5614CE6C2145C5B300119E4D /* NSDate+ManipulateDate.h */ = {isa = PBXFileReference; lastKnownFileType = sourcecode.c.h; path = "NSDate+ManipulateDate.h"; sourceTree = "<group>"; };
		5614CE6D2145C5B300119E4D /* NSDate+ManipulateDate.m */ = {isa = PBXFileReference; lastKnownFileType = sourcecode.c.objc; path = "NSDate+ManipulateDate.m"; sourceTree = "<group>"; };
		5682D3F721428F88000BAA5D /* WeatherRadar.app */ = {isa = PBXFileReference; explicitFileType = wrapper.application; includeInIndex = 0; path = WeatherRadar.app; sourceTree = BUILT_PRODUCTS_DIR; };
		5682D3FA21428F88000BAA5D /* AppDelegate.h */ = {isa = PBXFileReference; lastKnownFileType = sourcecode.c.h; path = AppDelegate.h; sourceTree = "<group>"; };
		5682D3FB21428F88000BAA5D /* AppDelegate.m */ = {isa = PBXFileReference; lastKnownFileType = sourcecode.c.objc; path = AppDelegate.m; sourceTree = "<group>"; };
		5682D40421428F88000BAA5D /* WeatherRadar.xcdatamodel */ = {isa = PBXFileReference; lastKnownFileType = wrapper.xcdatamodel; path = WeatherRadar.xcdatamodel; sourceTree = "<group>"; };
		5682D40621428F8A000BAA5D /* Assets.xcassets */ = {isa = PBXFileReference; lastKnownFileType = folder.assetcatalog; path = Assets.xcassets; sourceTree = "<group>"; };
		5682D40921428F8A000BAA5D /* Base */ = {isa = PBXFileReference; lastKnownFileType = file.storyboard; name = Base; path = Base.lproj/LaunchScreen.storyboard; sourceTree = "<group>"; };
		5682D40B21428F8A000BAA5D /* Info.plist */ = {isa = PBXFileReference; lastKnownFileType = text.plist.xml; path = Info.plist; sourceTree = "<group>"; };
		5682D40C21428F8A000BAA5D /* main.m */ = {isa = PBXFileReference; lastKnownFileType = sourcecode.c.objc; path = main.m; sourceTree = "<group>"; };
		5682D41221428F8A000BAA5D /* WeatherRadarTests.xctest */ = {isa = PBXFileReference; explicitFileType = wrapper.cfbundle; includeInIndex = 0; path = WeatherRadarTests.xctest; sourceTree = BUILT_PRODUCTS_DIR; };
		5682D41621428F8A000BAA5D /* WeatherRadarTests.m */ = {isa = PBXFileReference; lastKnownFileType = sourcecode.c.objc; path = WeatherRadarTests.m; sourceTree = "<group>"; };
		5682D41821428F8A000BAA5D /* Info.plist */ = {isa = PBXFileReference; lastKnownFileType = text.plist.xml; path = Info.plist; sourceTree = "<group>"; };
		5682D42A2142962A000BAA5D /* CitiesTableViewController.h */ = {isa = PBXFileReference; lastKnownFileType = sourcecode.c.h; path = CitiesTableViewController.h; sourceTree = "<group>"; };
		5682D42B2142962A000BAA5D /* CitiesTableViewController.m */ = {isa = PBXFileReference; lastKnownFileType = sourcecode.c.objc; path = CitiesTableViewController.m; sourceTree = "<group>"; };
		5682D42D21430916000BAA5D /* WeatherDetailsViewController.h */ = {isa = PBXFileReference; lastKnownFileType = sourcecode.c.h; path = WeatherDetailsViewController.h; sourceTree = "<group>"; };
		5682D42E21430916000BAA5D /* WeatherDetailsViewController.m */ = {isa = PBXFileReference; lastKnownFileType = sourcecode.c.objc; path = WeatherDetailsViewController.m; sourceTree = "<group>"; };
		5682D431214332C7000BAA5D /* AFNetworkingClient.h */ = {isa = PBXFileReference; lastKnownFileType = sourcecode.c.h; path = AFNetworkingClient.h; sourceTree = "<group>"; };
		5682D432214332C7000BAA5D /* AFNetworkingClient.m */ = {isa = PBXFileReference; lastKnownFileType = sourcecode.c.objc; path = AFNetworkingClient.m; sourceTree = "<group>"; };
		569A5BF62145168A00DCCFB2 /* Localizable.strings */ = {isa = PBXFileReference; lastKnownFileType = text.plist.strings; path = Localizable.strings; sourceTree = "<group>"; };
		56C0D9962143D7C30085B709 /* AFNetworkingClientTests.m */ = {isa = PBXFileReference; lastKnownFileType = sourcecode.c.objc; path = AFNetworkingClientTests.m; sourceTree = "<group>"; };
		56C0D9982143E5BA0085B709 /* Constaints.h */ = {isa = PBXFileReference; lastKnownFileType = sourcecode.c.h; path = Constaints.h; sourceTree = "<group>"; };
		56C0D99A2143F5900085B709 /* Weather.h */ = {isa = PBXFileReference; lastKnownFileType = sourcecode.c.h; path = Weather.h; sourceTree = "<group>"; };
		56C0D99B2143F5900085B709 /* Weather.m */ = {isa = PBXFileReference; lastKnownFileType = sourcecode.c.objc; path = Weather.m; sourceTree = "<group>"; };
		56C0D99D214446280085B709 /* WeatherRemoteDataSource.h */ = {isa = PBXFileReference; lastKnownFileType = sourcecode.c.h; path = WeatherRemoteDataSource.h; sourceTree = "<group>"; };
		56C0D99E214446280085B709 /* WeatherRemoteDataSource.m */ = {isa = PBXFileReference; lastKnownFileType = sourcecode.c.objc; path = WeatherRemoteDataSource.m; sourceTree = "<group>"; };
		56C0D9A121445B990085B709 /* CoreDataManager.h */ = {isa = PBXFileReference; fileEncoding = 4; lastKnownFileType = sourcecode.c.h; path = CoreDataManager.h; sourceTree = "<group>"; };
		56C0D9A221445B990085B709 /* CoreDataManager.m */ = {isa = PBXFileReference; fileEncoding = 4; lastKnownFileType = sourcecode.c.objc; path = CoreDataManager.m; sourceTree = "<group>"; };
		56C0D9B121445DD40085B709 /* City+CoreDataProperties.h */ = {isa = PBXFileReference; fileEncoding = 4; lastKnownFileType = sourcecode.c.h; path = "City+CoreDataProperties.h"; sourceTree = "<group>"; };
		56C0D9B221445DD40085B709 /* City+CoreDataProperties.m */ = {isa = PBXFileReference; fileEncoding = 4; lastKnownFileType = sourcecode.c.objc; path = "City+CoreDataProperties.m"; sourceTree = "<group>"; };
		56C0D9B321445DD40085B709 /* WeatherInfo+CoreDataProperties.h */ = {isa = PBXFileReference; fileEncoding = 4; lastKnownFileType = sourcecode.c.h; path = "WeatherInfo+CoreDataProperties.h"; sourceTree = "<group>"; };
		56C0D9B421445DD50085B709 /* City.h */ = {isa = PBXFileReference; fileEncoding = 4; lastKnownFileType = sourcecode.c.h; path = City.h; sourceTree = "<group>"; };
		56C0D9B521445DD50085B709 /* WeatherInfo.h */ = {isa = PBXFileReference; fileEncoding = 4; lastKnownFileType = sourcecode.c.h; path = WeatherInfo.h; sourceTree = "<group>"; };
		56C0D9B621445DD50085B709 /* WeatherInfo.m */ = {isa = PBXFileReference; fileEncoding = 4; lastKnownFileType = sourcecode.c.objc; path = WeatherInfo.m; sourceTree = "<group>"; };
		56C0D9B721445DD50085B709 /* WeatherInfo+CoreDataProperties.m */ = {isa = PBXFileReference; fileEncoding = 4; lastKnownFileType = sourcecode.c.objc; path = "WeatherInfo+CoreDataProperties.m"; sourceTree = "<group>"; };
		56C0D9B821445DD50085B709 /* City.m */ = {isa = PBXFileReference; fileEncoding = 4; lastKnownFileType = sourcecode.c.objc; path = City.m; sourceTree = "<group>"; };
		56C0D9BD2144742E0085B709 /* BasePresenter.h */ = {isa = PBXFileReference; lastKnownFileType = sourcecode.c.h; name = BasePresenter.h; path = WeatherRadar/PresentationLayer/BasePresenter.h; sourceTree = SOURCE_ROOT; };
		56C0D9BE2144742E0085B709 /* BasePresenter.m */ = {isa = PBXFileReference; lastKnownFileType = sourcecode.c.objc; name = BasePresenter.m; path = WeatherRadar/PresentationLayer/BasePresenter.m; sourceTree = SOURCE_ROOT; };
		56C0D9C0214474460085B709 /* BaseViewController.h */ = {isa = PBXFileReference; lastKnownFileType = sourcecode.c.h; path = BaseViewController.h; sourceTree = "<group>"; };
		56C0D9C1214474460085B709 /* BaseViewController.m */ = {isa = PBXFileReference; lastKnownFileType = sourcecode.c.objc; path = BaseViewController.m; sourceTree = "<group>"; };
		56C0D9C3214477850085B709 /* CitiesPresenter.h */ = {isa = PBXFileReference; lastKnownFileType = sourcecode.c.h; path = CitiesPresenter.h; sourceTree = "<group>"; };
		56C0D9C4214477850085B709 /* CitiesPresenter.m */ = {isa = PBXFileReference; lastKnownFileType = sourcecode.c.objc; path = CitiesPresenter.m; sourceTree = "<group>"; };
		56E43C47214661DA009231FE /* UIImageView+Download.h */ = {isa = PBXFileReference; lastKnownFileType = sourcecode.c.h; path = "UIImageView+Download.h"; sourceTree = "<group>"; };
		56E43C48214661DA009231FE /* UIImageView+Download.m */ = {isa = PBXFileReference; lastKnownFileType = sourcecode.c.objc; path = "UIImageView+Download.m"; sourceTree = "<group>"; };
		5B0D05780F6D4B99762076C6 /* Pods-WeatherRadarTests.release.xcconfig */ = {isa = PBXFileReference; includeInIndex = 1; lastKnownFileType = text.xcconfig; name = "Pods-WeatherRadarTests.release.xcconfig"; path = "Pods/Target Support Files/Pods-WeatherRadarTests/Pods-WeatherRadarTests.release.xcconfig"; sourceTree = "<group>"; };
		88CFA5E9F17F19EFB3A19031 /* libPods-WeatherRadarTests.a */ = {isa = PBXFileReference; explicitFileType = archive.ar; includeInIndex = 0; path = "libPods-WeatherRadarTests.a"; sourceTree = BUILT_PRODUCTS_DIR; };
		B9FE6207304B4EAE430565C1 /* Pods-WeatherRadarTests.debug.xcconfig */ = {isa = PBXFileReference; includeInIndex = 1; lastKnownFileType = text.xcconfig; name = "Pods-WeatherRadarTests.debug.xcconfig"; path = "Pods/Target Support Files/Pods-WeatherRadarTests/Pods-WeatherRadarTests.debug.xcconfig"; sourceTree = "<group>"; };
		BC527D9F1E5D67A918089184 /* libPods-WeatherRadar.a */ = {isa = PBXFileReference; explicitFileType = archive.ar; includeInIndex = 0; path = "libPods-WeatherRadar.a"; sourceTree = BUILT_PRODUCTS_DIR; };
		CB24527CAC0046235A771F61 /* Pods-WeatherRadar.debug.xcconfig */ = {isa = PBXFileReference; includeInIndex = 1; lastKnownFileType = text.xcconfig; name = "Pods-WeatherRadar.debug.xcconfig"; path = "Pods/Target Support Files/Pods-WeatherRadar/Pods-WeatherRadar.debug.xcconfig"; sourceTree = "<group>"; };
		F4671B12DF445A73B37ACFED /* Pods-WeatherRadar.release.xcconfig */ = {isa = PBXFileReference; includeInIndex = 1; lastKnownFileType = text.xcconfig; name = "Pods-WeatherRadar.release.xcconfig"; path = "Pods/Target Support Files/Pods-WeatherRadar/Pods-WeatherRadar.release.xcconfig"; sourceTree = "<group>"; };
/* End PBXFileReference section */

/* Begin PBXFrameworksBuildPhase section */
		5682D3F421428F88000BAA5D /* Frameworks */ = {
			isa = PBXFrameworksBuildPhase;
			buildActionMask = 2147483647;
			files = (
				C5339A5EC44468F3AAC91111 /* libPods-WeatherRadar.a in Frameworks */,
			);
			runOnlyForDeploymentPostprocessing = 0;
		};
		5682D40F21428F8A000BAA5D /* Frameworks */ = {
			isa = PBXFrameworksBuildPhase;
			buildActionMask = 2147483647;
			files = (
				021774F6D7A76528DB9378E0 /* libPods-WeatherRadarTests.a in Frameworks */,
			);
			runOnlyForDeploymentPostprocessing = 0;
		};
/* End PBXFrameworksBuildPhase section */

/* Begin PBXGroup section */
		2DB5A6E1C44836936FCDA83A /* Pods */ = {
			isa = PBXGroup;
			children = (
				CB24527CAC0046235A771F61 /* Pods-WeatherRadar.debug.xcconfig */,
				F4671B12DF445A73B37ACFED /* Pods-WeatherRadar.release.xcconfig */,
				B9FE6207304B4EAE430565C1 /* Pods-WeatherRadarTests.debug.xcconfig */,
				5B0D05780F6D4B99762076C6 /* Pods-WeatherRadarTests.release.xcconfig */,
			);
			name = Pods;
			sourceTree = "<group>";
		};
		35F7485A8CFB6BD435AD1937 /* Frameworks */ = {
			isa = PBXGroup;
			children = (
				BC527D9F1E5D67A918089184 /* libPods-WeatherRadar.a */,
				88CFA5E9F17F19EFB3A19031 /* libPods-WeatherRadarTests.a */,
			);
			name = Frameworks;
			sourceTree = "<group>";
		};
		5614CE6B2145C4B100119E4D /* Categories */ = {
			isa = PBXGroup;
			children = (
				5614CE6C2145C5B300119E4D /* NSDate+ManipulateDate.h */,
				5614CE6D2145C5B300119E4D /* NSDate+ManipulateDate.m */,
				56E43C47214661DA009231FE /* UIImageView+Download.h */,
				56E43C48214661DA009231FE /* UIImageView+Download.m */,
			);
			path = Categories;
			sourceTree = "<group>";
		};
		5682D3EE21428F88000BAA5D = {
			isa = PBXGroup;
			children = (
				5682D3F921428F88000BAA5D /* WeatherRadar */,
				5682D41521428F8A000BAA5D /* WeatherRadarTests */,
				5682D3F821428F88000BAA5D /* Products */,
				2DB5A6E1C44836936FCDA83A /* Pods */,
				35F7485A8CFB6BD435AD1937 /* Frameworks */,
			);
			sourceTree = "<group>";
		};
		5682D3F821428F88000BAA5D /* Products */ = {
			isa = PBXGroup;
			children = (
				5682D3F721428F88000BAA5D /* WeatherRadar.app */,
				5682D41221428F8A000BAA5D /* WeatherRadarTests.xctest */,
			);
			name = Products;
			sourceTree = "<group>";
		};
		5682D3F921428F88000BAA5D /* WeatherRadar */ = {
			isa = PBXGroup;
			children = (
				5682D3FA21428F88000BAA5D /* AppDelegate.h */,
				5682D3FB21428F88000BAA5D /* AppDelegate.m */,
				5682D423214294A8000BAA5D /* PresentationLayer */,
				5682D424214294B4000BAA5D /* DataLayer */,
				5682D42121429476000BAA5D /* supporting files */,
				5682D40321428F88000BAA5D /* WeatherRadar.xcdatamodeld */,
			);
			path = WeatherRadar;
			sourceTree = "<group>";
		};
		5682D41521428F8A000BAA5D /* WeatherRadarTests */ = {
			isa = PBXGroup;
			children = (
				56C0D9962143D7C30085B709 /* AFNetworkingClientTests.m */,
				5682D41621428F8A000BAA5D /* WeatherRadarTests.m */,
				5682D41821428F8A000BAA5D /* Info.plist */,
			);
			path = WeatherRadarTests;
			sourceTree = "<group>";
		};
		5682D42121429476000BAA5D /* supporting files */ = {
			isa = PBXGroup;
			children = (
				5682D40621428F8A000BAA5D /* Assets.xcassets */,
				5682D40821428F8A000BAA5D /* LaunchScreen.storyboard */,
				5682D40B21428F8A000BAA5D /* Info.plist */,
				5682D40C21428F8A000BAA5D /* main.m */,
				569A5BF62145168A00DCCFB2 /* Localizable.strings */,
			);
			name = "supporting files";
			sourceTree = "<group>";
		};
		5682D423214294A8000BAA5D /* PresentationLayer */ = {
			isa = PBXGroup;
			children = (
				5614CE6B2145C4B100119E4D /* Categories */,
				56C0D9BD2144742E0085B709 /* BasePresenter.h */,
				56C0D9BE2144742E0085B709 /* BasePresenter.m */,
				56C0D9C0214474460085B709 /* BaseViewController.h */,
				56C0D9C1214474460085B709 /* BaseViewController.m */,
				5682D4252142951C000BAA5D /* CitiesTableView */,
				5682D4262142956E000BAA5D /* CityWeatherDetails */,
				569A5BF42145052A00DCCFB2 /* CityWeatherHistory */,
			);
			path = PresentationLayer;
			sourceTree = "<group>";
		};
		5682D424214294B4000BAA5D /* DataLayer */ = {
			isa = PBXGroup;
			children = (
				5682D429214295C5000BAA5D /* RemoteDataSource */,
				5682D428214295BB000BAA5D /* LocalDataSource */,
			);
			path = DataLayer;
			sourceTree = "<group>";
		};
		5682D4252142951C000BAA5D /* CitiesTableView */ = {
			isa = PBXGroup;
			children = (
				5682D42A2142962A000BAA5D /* CitiesTableViewController.h */,
				5682D42B2142962A000BAA5D /* CitiesTableViewController.m */,
				56C0D9C3214477850085B709 /* CitiesPresenter.h */,
				56C0D9C4214477850085B709 /* CitiesPresenter.m */,
			);
			path = CitiesTableView;
			sourceTree = "<group>";
		};
		5682D4262142956E000BAA5D /* CityWeatherDetails */ = {
			isa = PBXGroup;
			children = (
				5682D42D21430916000BAA5D /* WeatherDetailsViewController.h */,
				5682D42E21430916000BAA5D /* WeatherDetailsViewController.m */,
				5614CE682145BA7A00119E4D /* WeatherDetailsPresenter.h */,
				5614CE692145BA7A00119E4D /* WeatherDetailsPresenter.m */,
			);
			path = CityWeatherDetails;
			sourceTree = "<group>";
		};
		5682D428214295BB000BAA5D /* LocalDataSource */ = {
			isa = PBXGroup;
			children = (
				56C0D9A421445D540085B709 /* Models */,
				56C0D9A021445B8A0085B709 /* CoreData */,
			);
			path = LocalDataSource;
			sourceTree = "<group>";
		};
		5682D429214295C5000BAA5D /* RemoteDataSource */ = {
			isa = PBXGroup;
			children = (
				56C0D99D214446280085B709 /* WeatherRemoteDataSource.h */,
				56C0D99E214446280085B709 /* WeatherRemoteDataSource.m */,
				56C0D9992143F5740085B709 /* Models */,
				5682D4302143329C000BAA5D /* HttpClient */,
				56C0D9982143E5BA0085B709 /* Constaints.h */,
			);
			path = RemoteDataSource;
			sourceTree = "<group>";
		};
		5682D4302143329C000BAA5D /* HttpClient */ = {
			isa = PBXGroup;
			children = (
				5682D431214332C7000BAA5D /* AFNetworkingClient.h */,
				5682D432214332C7000BAA5D /* AFNetworkingClient.m */,
			);
			path = HttpClient;
			sourceTree = "<group>";
		};
		569A5BF42145052A00DCCFB2 /* CityWeatherHistory */ = {
			isa = PBXGroup;
			children = (
			);
			path = CityWeatherHistory;
			sourceTree = "<group>";
		};
		56C0D9992143F5740085B709 /* Models */ = {
			isa = PBXGroup;
			children = (
				56C0D99A2143F5900085B709 /* Weather.h */,
				56C0D99B2143F5900085B709 /* Weather.m */,
			);
			path = Models;
			sourceTree = "<group>";
		};
		56C0D9A021445B8A0085B709 /* CoreData */ = {
			isa = PBXGroup;
			children = (
				56C0D9A121445B990085B709 /* CoreDataManager.h */,
				56C0D9A221445B990085B709 /* CoreDataManager.m */,
			);
			path = CoreData;
			sourceTree = "<group>";
		};
		56C0D9A421445D540085B709 /* Models */ = {
			isa = PBXGroup;
			children = (
				56C0D9B421445DD50085B709 /* City.h */,
				56C0D9B821445DD50085B709 /* City.m */,
				56C0D9B121445DD40085B709 /* City+CoreDataProperties.h */,
				56C0D9B221445DD40085B709 /* City+CoreDataProperties.m */,
				56C0D9B521445DD50085B709 /* WeatherInfo.h */,
				56C0D9B621445DD50085B709 /* WeatherInfo.m */,
				56C0D9B321445DD40085B709 /* WeatherInfo+CoreDataProperties.h */,
				56C0D9B721445DD50085B709 /* WeatherInfo+CoreDataProperties.m */,
			);
			path = Models;
			sourceTree = "<group>";
		};
/* End PBXGroup section */

/* Begin PBXNativeTarget section */
		5682D3F621428F88000BAA5D /* WeatherRadar */ = {
			isa = PBXNativeTarget;
			buildConfigurationList = 5682D41B21428F8A000BAA5D /* Build configuration list for PBXNativeTarget "WeatherRadar" */;
			buildPhases = (
				F4595BA521D24B10B6D1351F /* [CP] Check Pods Manifest.lock */,
				5682D3F321428F88000BAA5D /* Sources */,
				5682D3F421428F88000BAA5D /* Frameworks */,
				5682D3F521428F88000BAA5D /* Resources */,
				C487E392FCE78CD36F7025B3 /* [CP] Copy Pods Resources */,
			);
			buildRules = (
			);
			dependencies = (
			);
			name = WeatherRadar;
			productName = WeatherRadar;
			productReference = 5682D3F721428F88000BAA5D /* WeatherRadar.app */;
			productType = "com.apple.product-type.application";
		};
		5682D41121428F8A000BAA5D /* WeatherRadarTests */ = {
			isa = PBXNativeTarget;
			buildConfigurationList = 5682D41E21428F8A000BAA5D /* Build configuration list for PBXNativeTarget "WeatherRadarTests" */;
			buildPhases = (
				CFA0993A85343C0ACCAC05DB /* [CP] Check Pods Manifest.lock */,
				5682D40E21428F8A000BAA5D /* Sources */,
				5682D40F21428F8A000BAA5D /* Frameworks */,
				5682D41021428F8A000BAA5D /* Resources */,
			);
			buildRules = (
			);
			dependencies = (
				5682D41421428F8A000BAA5D /* PBXTargetDependency */,
			);
			name = WeatherRadarTests;
			productName = WeatherRadarTests;
			productReference = 5682D41221428F8A000BAA5D /* WeatherRadarTests.xctest */;
			productType = "com.apple.product-type.bundle.unit-test";
		};
/* End PBXNativeTarget section */

/* Begin PBXProject section */
		5682D3EF21428F88000BAA5D /* Project object */ = {
			isa = PBXProject;
			attributes = {
				LastUpgradeCheck = 0940;
				ORGANIZATIONNAME = Marian;
				TargetAttributes = {
					5682D3F621428F88000BAA5D = {
						CreatedOnToolsVersion = 9.4;
					};
					5682D41121428F8A000BAA5D = {
						CreatedOnToolsVersion = 9.4;
						TestTargetID = 5682D3F621428F88000BAA5D;
					};
				};
			};
			buildConfigurationList = 5682D3F221428F88000BAA5D /* Build configuration list for PBXProject "WeatherRadar" */;
			compatibilityVersion = "Xcode 9.3";
			developmentRegion = en;
			hasScannedForEncodings = 0;
			knownRegions = (
				en,
				Base,
			);
			mainGroup = 5682D3EE21428F88000BAA5D;
			productRefGroup = 5682D3F821428F88000BAA5D /* Products */;
			projectDirPath = "";
			projectRoot = "";
			targets = (
				5682D3F621428F88000BAA5D /* WeatherRadar */,
				5682D41121428F8A000BAA5D /* WeatherRadarTests */,
			);
		};
/* End PBXProject section */

/* Begin PBXResourcesBuildPhase section */
		5682D3F521428F88000BAA5D /* Resources */ = {
			isa = PBXResourcesBuildPhase;
			buildActionMask = 2147483647;
			files = (
				5682D40A21428F8A000BAA5D /* LaunchScreen.storyboard in Resources */,
				569A5BF72145168A00DCCFB2 /* Localizable.strings in Resources */,
				5682D40721428F8A000BAA5D /* Assets.xcassets in Resources */,
			);
			runOnlyForDeploymentPostprocessing = 0;
		};
		5682D41021428F8A000BAA5D /* Resources */ = {
			isa = PBXResourcesBuildPhase;
			buildActionMask = 2147483647;
			files = (
			);
			runOnlyForDeploymentPostprocessing = 0;
		};
/* End PBXResourcesBuildPhase section */

/* Begin PBXShellScriptBuildPhase section */
		C487E392FCE78CD36F7025B3 /* [CP] Copy Pods Resources */ = {
			isa = PBXShellScriptBuildPhase;
			buildActionMask = 2147483647;
			files = (
			);
			inputPaths = (
				"${SRCROOT}/Pods/Target Support Files/Pods-WeatherRadar/Pods-WeatherRadar-resources.sh",
				"${PODS_ROOT}/SVProgressHUD/SVProgressHUD/SVProgressHUD.bundle",
			);
			name = "[CP] Copy Pods Resources";
			outputPaths = (
				"${TARGET_BUILD_DIR}/${UNLOCALIZED_RESOURCES_FOLDER_PATH}/SVProgressHUD.bundle",
			);
			runOnlyForDeploymentPostprocessing = 0;
			shellPath = /bin/sh;
			shellScript = "\"${SRCROOT}/Pods/Target Support Files/Pods-WeatherRadar/Pods-WeatherRadar-resources.sh\"\n";
			showEnvVarsInLog = 0;
		};
		CFA0993A85343C0ACCAC05DB /* [CP] Check Pods Manifest.lock */ = {
			isa = PBXShellScriptBuildPhase;
			buildActionMask = 2147483647;
			files = (
			);
			inputPaths = (
				"${PODS_PODFILE_DIR_PATH}/Podfile.lock",
				"${PODS_ROOT}/Manifest.lock",
			);
			name = "[CP] Check Pods Manifest.lock";
			outputPaths = (
				"$(DERIVED_FILE_DIR)/Pods-WeatherRadarTests-checkManifestLockResult.txt",
			);
			runOnlyForDeploymentPostprocessing = 0;
			shellPath = /bin/sh;
			shellScript = "diff \"${PODS_PODFILE_DIR_PATH}/Podfile.lock\" \"${PODS_ROOT}/Manifest.lock\" > /dev/null\nif [ $? != 0 ] ; then\n    # print error to STDERR\n    echo \"error: The sandbox is not in sync with the Podfile.lock. Run 'pod install' or update your CocoaPods installation.\" >&2\n    exit 1\nfi\n# This output is used by Xcode 'outputs' to avoid re-running this script phase.\necho \"SUCCESS\" > \"${SCRIPT_OUTPUT_FILE_0}\"\n";
			showEnvVarsInLog = 0;
		};
		F4595BA521D24B10B6D1351F /* [CP] Check Pods Manifest.lock */ = {
			isa = PBXShellScriptBuildPhase;
			buildActionMask = 2147483647;
			files = (
			);
			inputPaths = (
				"${PODS_PODFILE_DIR_PATH}/Podfile.lock",
				"${PODS_ROOT}/Manifest.lock",
			);
			name = "[CP] Check Pods Manifest.lock";
			outputPaths = (
				"$(DERIVED_FILE_DIR)/Pods-WeatherRadar-checkManifestLockResult.txt",
			);
			runOnlyForDeploymentPostprocessing = 0;
			shellPath = /bin/sh;
			shellScript = "diff \"${PODS_PODFILE_DIR_PATH}/Podfile.lock\" \"${PODS_ROOT}/Manifest.lock\" > /dev/null\nif [ $? != 0 ] ; then\n    # print error to STDERR\n    echo \"error: The sandbox is not in sync with the Podfile.lock. Run 'pod install' or update your CocoaPods installation.\" >&2\n    exit 1\nfi\n# This output is used by Xcode 'outputs' to avoid re-running this script phase.\necho \"SUCCESS\" > \"${SCRIPT_OUTPUT_FILE_0}\"\n";
			showEnvVarsInLog = 0;
		};
/* End PBXShellScriptBuildPhase section */

/* Begin PBXSourcesBuildPhase section */
		5682D3F321428F88000BAA5D /* Sources */ = {
			isa = PBXSourcesBuildPhase;
			buildActionMask = 2147483647;
			files = (
				56C0D9B921445DD50085B709 /* City+CoreDataProperties.m in Sources */,
				56C0D9C2214474460085B709 /* BaseViewController.m in Sources */,
				5682D42F21430916000BAA5D /* WeatherDetailsViewController.m in Sources */,
				56C0D9BB21445DD50085B709 /* WeatherInfo+CoreDataProperties.m in Sources */,
				5682D433214332C7000BAA5D /* AFNetworkingClient.m in Sources */,
				56C0D9C5214477850085B709 /* CitiesPresenter.m in Sources */,
				5614CE6A2145BA7A00119E4D /* WeatherDetailsPresenter.m in Sources */,
				5614CE6E2145C5B300119E4D /* NSDate+ManipulateDate.m in Sources */,
				56C0D99C2143F5900085B709 /* Weather.m in Sources */,
				56C0D99F214446280085B709 /* WeatherRemoteDataSource.m in Sources */,
				5682D40521428F88000BAA5D /* WeatherRadar.xcdatamodeld in Sources */,
				5682D40D21428F8A000BAA5D /* main.m in Sources */,
				5682D42C2142962A000BAA5D /* CitiesTableViewController.m in Sources */,
				5682D3FC21428F88000BAA5D /* AppDelegate.m in Sources */,
				56C0D9A321445B990085B709 /* CoreDataManager.m in Sources */,
				56E43C49214661DA009231FE /* UIImageView+Download.m in Sources */,
				56C0D9BF2144742E0085B709 /* BasePresenter.m in Sources */,
				56C0D9BA21445DD50085B709 /* WeatherInfo.m in Sources */,
				56C0D9BC21445DD50085B709 /* City.m in Sources */,
			);
			runOnlyForDeploymentPostprocessing = 0;
		};
		5682D40E21428F8A000BAA5D /* Sources */ = {
			isa = PBXSourcesBuildPhase;
			buildActionMask = 2147483647;
			files = (
				5682D41721428F8A000BAA5D /* WeatherRadarTests.m in Sources */,
				56C0D9972143D7C30085B709 /* AFNetworkingClientTests.m in Sources */,
			);
			runOnlyForDeploymentPostprocessing = 0;
		};
/* End PBXSourcesBuildPhase section */

/* Begin PBXTargetDependency section */
		5682D41421428F8A000BAA5D /* PBXTargetDependency */ = {
			isa = PBXTargetDependency;
			target = 5682D3F621428F88000BAA5D /* WeatherRadar */;
			targetProxy = 5682D41321428F8A000BAA5D /* PBXContainerItemProxy */;
		};
/* End PBXTargetDependency section */

/* Begin PBXVariantGroup section */
		5682D40821428F8A000BAA5D /* LaunchScreen.storyboard */ = {
			isa = PBXVariantGroup;
			children = (
				5682D40921428F8A000BAA5D /* Base */,
			);
			name = LaunchScreen.storyboard;
			sourceTree = "<group>";
		};
/* End PBXVariantGroup section */

/* Begin XCBuildConfiguration section */
		5682D41921428F8A000BAA5D /* Debug */ = {
			isa = XCBuildConfiguration;
			buildSettings = {
				ALWAYS_SEARCH_USER_PATHS = NO;
				CLANG_ANALYZER_NONNULL = YES;
				CLANG_ANALYZER_NUMBER_OBJECT_CONVERSION = YES_AGGRESSIVE;
				CLANG_CXX_LANGUAGE_STANDARD = "gnu++14";
				CLANG_CXX_LIBRARY = "libc++";
				CLANG_ENABLE_MODULES = YES;
				CLANG_ENABLE_OBJC_ARC = YES;
				CLANG_ENABLE_OBJC_WEAK = YES;
				CLANG_WARN_BLOCK_CAPTURE_AUTORELEASING = YES;
				CLANG_WARN_BOOL_CONVERSION = YES;
				CLANG_WARN_COMMA = YES;
				CLANG_WARN_CONSTANT_CONVERSION = YES;
				CLANG_WARN_DEPRECATED_OBJC_IMPLEMENTATIONS = YES;
				CLANG_WARN_DIRECT_OBJC_ISA_USAGE = YES_ERROR;
				CLANG_WARN_DOCUMENTATION_COMMENTS = YES;
				CLANG_WARN_EMPTY_BODY = YES;
				CLANG_WARN_ENUM_CONVERSION = YES;
				CLANG_WARN_INFINITE_RECURSION = YES;
				CLANG_WARN_INT_CONVERSION = YES;
				CLANG_WARN_NON_LITERAL_NULL_CONVERSION = YES;
				CLANG_WARN_OBJC_IMPLICIT_RETAIN_SELF = YES;
				CLANG_WARN_OBJC_LITERAL_CONVERSION = YES;
				CLANG_WARN_OBJC_ROOT_CLASS = YES_ERROR;
				CLANG_WARN_RANGE_LOOP_ANALYSIS = YES;
				CLANG_WARN_STRICT_PROTOTYPES = YES;
				CLANG_WARN_SUSPICIOUS_MOVE = YES;
				CLANG_WARN_UNGUARDED_AVAILABILITY = YES_AGGRESSIVE;
				CLANG_WARN_UNREACHABLE_CODE = YES;
				CLANG_WARN__DUPLICATE_METHOD_MATCH = YES;
				CODE_SIGN_IDENTITY = "iPhone Developer";
				COPY_PHASE_STRIP = NO;
				DEBUG_INFORMATION_FORMAT = dwarf;
				ENABLE_STRICT_OBJC_MSGSEND = YES;
				ENABLE_TESTABILITY = YES;
				GCC_C_LANGUAGE_STANDARD = gnu11;
				GCC_DYNAMIC_NO_PIC = NO;
				GCC_NO_COMMON_BLOCKS = YES;
				GCC_OPTIMIZATION_LEVEL = 0;
				GCC_PREPROCESSOR_DEFINITIONS = (
					"DEBUG=1",
					"$(inherited)",
				);
				GCC_WARN_64_TO_32_BIT_CONVERSION = YES;
				GCC_WARN_ABOUT_RETURN_TYPE = YES_ERROR;
				GCC_WARN_UNDECLARED_SELECTOR = YES;
				GCC_WARN_UNINITIALIZED_AUTOS = YES_AGGRESSIVE;
				GCC_WARN_UNUSED_FUNCTION = YES;
				GCC_WARN_UNUSED_VARIABLE = YES;
				IPHONEOS_DEPLOYMENT_TARGET = 11.4;
				MTL_ENABLE_DEBUG_INFO = YES;
				ONLY_ACTIVE_ARCH = YES;
				SDKROOT = iphoneos;
			};
			name = Debug;
		};
		5682D41A21428F8A000BAA5D /* Release */ = {
			isa = XCBuildConfiguration;
			buildSettings = {
				ALWAYS_SEARCH_USER_PATHS = NO;
				CLANG_ANALYZER_NONNULL = YES;
				CLANG_ANALYZER_NUMBER_OBJECT_CONVERSION = YES_AGGRESSIVE;
				CLANG_CXX_LANGUAGE_STANDARD = "gnu++14";
				CLANG_CXX_LIBRARY = "libc++";
				CLANG_ENABLE_MODULES = YES;
				CLANG_ENABLE_OBJC_ARC = YES;
				CLANG_ENABLE_OBJC_WEAK = YES;
				CLANG_WARN_BLOCK_CAPTURE_AUTORELEASING = YES;
				CLANG_WARN_BOOL_CONVERSION = YES;
				CLANG_WARN_COMMA = YES;
				CLANG_WARN_CONSTANT_CONVERSION = YES;
				CLANG_WARN_DEPRECATED_OBJC_IMPLEMENTATIONS = YES;
				CLANG_WARN_DIRECT_OBJC_ISA_USAGE = YES_ERROR;
				CLANG_WARN_DOCUMENTATION_COMMENTS = YES;
				CLANG_WARN_EMPTY_BODY = YES;
				CLANG_WARN_ENUM_CONVERSION = YES;
				CLANG_WARN_INFINITE_RECURSION = YES;
				CLANG_WARN_INT_CONVERSION = YES;
				CLANG_WARN_NON_LITERAL_NULL_CONVERSION = YES;
				CLANG_WARN_OBJC_IMPLICIT_RETAIN_SELF = YES;
				CLANG_WARN_OBJC_LITERAL_CONVERSION = YES;
				CLANG_WARN_OBJC_ROOT_CLASS = YES_ERROR;
				CLANG_WARN_RANGE_LOOP_ANALYSIS = YES;
				CLANG_WARN_STRICT_PROTOTYPES = YES;
				CLANG_WARN_SUSPICIOUS_MOVE = YES;
				CLANG_WARN_UNGUARDED_AVAILABILITY = YES_AGGRESSIVE;
				CLANG_WARN_UNREACHABLE_CODE = YES;
				CLANG_WARN__DUPLICATE_METHOD_MATCH = YES;
				CODE_SIGN_IDENTITY = "iPhone Developer";
				COPY_PHASE_STRIP = NO;
				DEBUG_INFORMATION_FORMAT = "dwarf-with-dsym";
				ENABLE_NS_ASSERTIONS = NO;
				ENABLE_STRICT_OBJC_MSGSEND = YES;
				GCC_C_LANGUAGE_STANDARD = gnu11;
				GCC_NO_COMMON_BLOCKS = YES;
				GCC_WARN_64_TO_32_BIT_CONVERSION = YES;
				GCC_WARN_ABOUT_RETURN_TYPE = YES_ERROR;
				GCC_WARN_UNDECLARED_SELECTOR = YES;
				GCC_WARN_UNINITIALIZED_AUTOS = YES_AGGRESSIVE;
				GCC_WARN_UNUSED_FUNCTION = YES;
				GCC_WARN_UNUSED_VARIABLE = YES;
				IPHONEOS_DEPLOYMENT_TARGET = 11.4;
				MTL_ENABLE_DEBUG_INFO = NO;
				SDKROOT = iphoneos;
				VALIDATE_PRODUCT = YES;
			};
			name = Release;
		};
		5682D41C21428F8A000BAA5D /* Debug */ = {
			isa = XCBuildConfiguration;
			baseConfigurationReference = CB24527CAC0046235A771F61 /* Pods-WeatherRadar.debug.xcconfig */;
			buildSettings = {
				ASSETCATALOG_COMPILER_APPICON_NAME = AppIcon;
				CODE_SIGN_STYLE = Automatic;
				DEVELOPMENT_TEAM = Z9K9KCH6LZ;
				INFOPLIST_FILE = WeatherRadar/Info.plist;
				LD_RUNPATH_SEARCH_PATHS = (
					"$(inherited)",
					"@executable_path/Frameworks",
				);
				PRODUCT_BUNDLE_IDENTIFIER = com.marian.WeatherRadar;
				PRODUCT_NAME = "$(TARGET_NAME)";
				TARGETED_DEVICE_FAMILY = "1,2";
			};
			name = Debug;
		};
		5682D41D21428F8A000BAA5D /* Release */ = {
			isa = XCBuildConfiguration;
			baseConfigurationReference = F4671B12DF445A73B37ACFED /* Pods-WeatherRadar.release.xcconfig */;
			buildSettings = {
				ASSETCATALOG_COMPILER_APPICON_NAME = AppIcon;
				CODE_SIGN_STYLE = Automatic;
				DEVELOPMENT_TEAM = Z9K9KCH6LZ;
				INFOPLIST_FILE = WeatherRadar/Info.plist;
				LD_RUNPATH_SEARCH_PATHS = (
					"$(inherited)",
					"@executable_path/Frameworks",
				);
				PRODUCT_BUNDLE_IDENTIFIER = com.marian.WeatherRadar;
				PRODUCT_NAME = "$(TARGET_NAME)";
				TARGETED_DEVICE_FAMILY = "1,2";
			};
			name = Release;
		};
		5682D41F21428F8A000BAA5D /* Debug */ = {
			isa = XCBuildConfiguration;
			baseConfigurationReference = B9FE6207304B4EAE430565C1 /* Pods-WeatherRadarTests.debug.xcconfig */;
			buildSettings = {
				BUNDLE_LOADER = "$(TEST_HOST)";
				CODE_SIGN_STYLE = Automatic;
				DEVELOPMENT_TEAM = Z9K9KCH6LZ;
				INFOPLIST_FILE = WeatherRadarTests/Info.plist;
				LD_RUNPATH_SEARCH_PATHS = (
					"$(inherited)",
					"@executable_path/Frameworks",
					"@loader_path/Frameworks",
				);
				PRODUCT_BUNDLE_IDENTIFIER = com.marian.WeatherRadarTests;
				PRODUCT_NAME = "$(TARGET_NAME)";
				TARGETED_DEVICE_FAMILY = "1,2";
				TEST_HOST = "$(BUILT_PRODUCTS_DIR)/WeatherRadar.app/WeatherRadar";
			};
			name = Debug;
		};
		5682D42021428F8A000BAA5D /* Release */ = {
			isa = XCBuildConfiguration;
			baseConfigurationReference = 5B0D05780F6D4B99762076C6 /* Pods-WeatherRadarTests.release.xcconfig */;
			buildSettings = {
				BUNDLE_LOADER = "$(TEST_HOST)";
				CODE_SIGN_STYLE = Automatic;
				DEVELOPMENT_TEAM = Z9K9KCH6LZ;
				INFOPLIST_FILE = WeatherRadarTests/Info.plist;
				LD_RUNPATH_SEARCH_PATHS = (
					"$(inherited)",
					"@executable_path/Frameworks",
					"@loader_path/Frameworks",
				);
				PRODUCT_BUNDLE_IDENTIFIER = com.marian.WeatherRadarTests;
				PRODUCT_NAME = "$(TARGET_NAME)";
				TARGETED_DEVICE_FAMILY = "1,2";
				TEST_HOST = "$(BUILT_PRODUCTS_DIR)/WeatherRadar.app/WeatherRadar";
			};
			name = Release;
		};
/* End XCBuildConfiguration section */

/* Begin XCConfigurationList section */
		5682D3F221428F88000BAA5D /* Build configuration list for PBXProject "WeatherRadar" */ = {
			isa = XCConfigurationList;
			buildConfigurations = (
				5682D41921428F8A000BAA5D /* Debug */,
				5682D41A21428F8A000BAA5D /* Release */,
			);
			defaultConfigurationIsVisible = 0;
			defaultConfigurationName = Release;
		};
		5682D41B21428F8A000BAA5D /* Build configuration list for PBXNativeTarget "WeatherRadar" */ = {
			isa = XCConfigurationList;
			buildConfigurations = (
				5682D41C21428F8A000BAA5D /* Debug */,
				5682D41D21428F8A000BAA5D /* Release */,
			);
			defaultConfigurationIsVisible = 0;
			defaultConfigurationName = Release;
		};
		5682D41E21428F8A000BAA5D /* Build configuration list for PBXNativeTarget "WeatherRadarTests" */ = {
			isa = XCConfigurationList;
			buildConfigurations = (
				5682D41F21428F8A000BAA5D /* Debug */,
				5682D42021428F8A000BAA5D /* Release */,
			);
			defaultConfigurationIsVisible = 0;
			defaultConfigurationName = Release;
		};
/* End XCConfigurationList section */

/* Begin XCVersionGroup section */
		5682D40321428F88000BAA5D /* WeatherRadar.xcdatamodeld */ = {
			isa = XCVersionGroup;
			children = (
				5682D40421428F88000BAA5D /* WeatherRadar.xcdatamodel */,
			);
			currentVersion = 5682D40421428F88000BAA5D /* WeatherRadar.xcdatamodel */;
			path = WeatherRadar.xcdatamodeld;
			sourceTree = "<group>";
			versionGroupType = wrapper.xcdatamodel;
		};
/* End XCVersionGroup section */
	};
	rootObject = 5682D3EF21428F88000BAA5D /* Project object */;
}
